schema: '2.0'
stages:
  preprocess:
    cmd: python -m src.preprocess
    deps:
    - path: src/preprocess.py
      hash: md5
      md5: e74acbca78ece22d4252d0fe912cadd7
      size: 6990
    - path: src/utils.py
      hash: md5
      md5: 82d7f957e271659a3b44e73381848f19
      size: 1316
    params:
      configs/default.yaml:
        benign:
          use_originals: true
          target_count: 2000
          paraphrase_model: meta/llama-3.1-8b-instruct
          paraphrases_per_prompt: 2
          synthetic:
            enabled: false
            generation_model: meta/llama-3.1-8b-instruct
            quotas:
              A: 1000
              B: 1250
              C: 1250
              D: 750
              E: 500
              F: 250
            batch_size: 20
            output_path: data/processed/synthetic_benign.parquet
        dataset:
          name: Mindgard/evaded-prompt-injection-and-jailbreak-samples
          split: train
          text_col: modified_sample
          original_text_col: original_sample
          label_col: attack_name
        labels:
          unicode_attacks:
          - Diacritcs
          - Underline Accent Marks
          - Upside Down Text
          - Bidirectional Text
          - Full Width Text
          - Emoji Smuggling
          - Spaces
          - Homoglyphs
          - Deletion Characters
          - Unicode Tags Smuggling
          - Zero Width
          - Numbers
          nlp_attacks:
          - BAE
          - Bert-Attack
          - Deep Word Bug
          - Alzantot
          - Pruthi
          - PWWS
          - TextBugger
          - TextFooler
          held_out_attacks:
          - Emoji Smuggling
          - Pruthi
    outs:
    - path: data/processed/full_dataset.parquet
      hash: md5
      md5: fac8569deb8765d8dd2b366edf747d2e
      size: 3223648
  build_splits:
    cmd: python -m src.build_splits
    deps:
    - path: data/processed/full_dataset.parquet
      hash: md5
      md5: fac8569deb8765d8dd2b366edf747d2e
      size: 3223648
    - path: src/build_splits.py
      hash: md5
      md5: b73963e040ab28472232da020fa80735
      size: 3041
    - path: src/utils.py
      hash: md5
      md5: 82d7f957e271659a3b44e73381848f19
      size: 1316
    params:
      configs/default.yaml:
        labels.held_out_attacks:
        - Emoji Smuggling
        - Pruthi
        splits:
          train: 0.7
          val: 0.15
          test: 0.15
          random_seed: 42
    outs:
    - path: data/processed/splits/test.parquet
      hash: md5
      md5: 2cf5701c17b93d03abbc7197b246f66c
      size: 422839
    - path: data/processed/splits/test_unseen.parquet
      hash: md5
      md5: 40065fa276afdda14d815daf762ef204
      size: 520616
    - path: data/processed/splits/train.parquet
      hash: md5
      md5: 2ecf6b8c32c982f19f1754db97279bd5
      size: 1845316
    - path: data/processed/splits/val.parquet
      hash: md5
      md5: 433d4810c65e2dea7ed29277cb354bb6
      size: 585455
  ml_model:
    cmd: python -m src.ml_classifier.ml_baseline --research --no-wandb
    deps:
    - path: data/processed/splits/test.parquet
      hash: md5
      md5: 2cf5701c17b93d03abbc7197b246f66c
      size: 422839
    - path: data/processed/splits/test_unseen.parquet
      hash: md5
      md5: 40065fa276afdda14d815daf762ef204
      size: 520616
    - path: data/processed/splits/train.parquet
      hash: md5
      md5: 2ecf6b8c32c982f19f1754db97279bd5
      size: 1845316
    - path: data/processed/splits/val.parquet
      hash: md5
      md5: 433d4810c65e2dea7ed29277cb354bb6
      size: 585455
    - path: src/ml_classifier/
      hash: md5
      md5: f80a98d6ff392169a3d3c93c4cd699c7.dir
      size: 75397
      nfiles: 12
    - path: src/utils.py
      hash: md5
      md5: 82d7f957e271659a3b44e73381848f19
      size: 1316
    params:
      configs/default.yaml:
        ml:
          char_ngram_range:
          - 2
          - 5
          max_features: 50000
          C: 1.0
          solver: saga
          max_iter: 8000
          tol: 0.001
          scale_features: true
          hyperparam_search:
            enabled: true
            C_values:
            - 0.01
            - 0.1
            - 1.0
            - 10.0
            cv_folds: 5
            scoring: f1_macro
            n_jobs: -1
    outs:
    - path: data/processed/models/ml_baseline.pkl
      hash: md5
      md5: 6291405d24b27156e44305f9e061fce6
      size: 8270153
    - path: data/processed/predictions/ml_predictions_test.parquet
      hash: md5
      md5: 8fe4cba5d2841095001198c381eff9a0
      size: 793684
    - path: data/processed/predictions/ml_predictions_test_unseen.parquet
      hash: md5
      md5: f879dedc4cfee2f755df208ccc146b9d
      size: 708666
    - path: data/processed/predictions/ml_predictions_val.parquet
      hash: md5
      md5: fee2b33d97346c4d4b303d88db143655
      size: 948441
  llm_classifier:
    cmd: python -m src.llm_classifier.llm_classifier --split test --research --no-wandb
    deps:
    - path: data/processed/splits/test.parquet
      hash: md5
      md5: 2cf5701c17b93d03abbc7197b246f66c
      size: 422839
    - path: data/processed/splits/train.parquet
      hash: md5
      md5: 2ecf6b8c32c982f19f1754db97279bd5
      size: 1845316
    - path: src/embeddings.py
      hash: md5
      md5: 95e44cb04fbcb776a8dd9cd99f012f60
      size: 11238
    - path: src/llm_classifier/
      hash: md5
      md5: 8044874f2957285b333a5880a978a3a2.dir
      size: 114773
      nfiles: 17
    - path: src/utils.py
      hash: md5
      md5: 82d7f957e271659a3b44e73381848f19
      size: 1316
    params:
      configs/default.yaml:
        llm:
          model: meta/llama-3.1-8b-instruct
          model_quality: meta/llama-3.1-70b-instruct
          temperature: 0
          max_tokens_classifier: 200
          max_tokens_judge: 500
          judge_confidence_threshold: 0.7
          few_shot:
            unicode: 2
            nlp: 5
            include_hard_benign: false
            embedding_model: nvidia/nv-embedqa-e5-v5
            bank_size_per_type: 15
            dynamic_k: 2
    outs:
    - path: data/processed/predictions/llm_predictions_test.parquet
      hash: md5
      md5: adb9c2e97b037b33e02b9027080d621d
      size: 66015
  research:
    cmd: python -m src.research --split test
    deps:
    - path: data/processed/predictions/
      hash: md5
      md5: d4e5a603c23054534bf265f97b0635f8.dir
      size: 6142118
      nfiles: 6
    - path: data/processed/splits/test.parquet
      hash: md5
      md5: 2cf5701c17b93d03abbc7197b246f66c
      size: 422839
    - path: src/evaluate.py
      hash: md5
      md5: 688b4540f41e9c96963746d704c7ab5f
      size: 12241
    - path: src/research.py
      hash: md5
      md5: 0e4ae047d438af9fd70e3fd454e49fc7
      size: 11992
    - path: src/utils.py
      hash: md5
      md5: 82d7f957e271659a3b44e73381848f19
      size: 1316
    params:
      configs/default.yaml:
        hybrid.ml_confidence_threshold: 0.85
    outs:
    - path: data/processed/research/research_test.parquet
      hash: md5
      md5: ede8b6b60e1198ca71c90a78698261e3
      size: 803457
    - path: reports/research/eval_report_hybrid.md
      hash: md5
      md5: da6d9779929134cf5c089f418a21e8e7
      size: 1776
    - path: reports/research/eval_report_ml.md
      hash: md5
      md5: d038729ba4a46e61b0361af3e067eda2
      size: 1798
  research_external@deepset:
    cmd: python -m src.cli.research_external --dataset deepset
    deps:
    - path: data/processed/models/ml_baseline.pkl
      hash: md5
      md5: 6291405d24b27156e44305f9e061fce6
      size: 8270153
    - path: data/processed/splits/train.parquet
      hash: md5
      md5: 2ecf6b8c32c982f19f1754db97279bd5
      size: 1845316
    - path: src/cli/research_external.py
      hash: md5
      md5: 07685730e704d770c9a0e6c1c66d2ddb
      size: 16899
    - path: src/embeddings.py
      hash: md5
      md5: 95e44cb04fbcb776a8dd9cd99f012f60
      size: 11238
    - path: src/eval_external.py
      hash: md5
      md5: 0e306a2199f8e819a6453c1adc54cd93
      size: 10565
    - path: src/llm_classifier/
      hash: md5
      md5: 8044874f2957285b333a5880a978a3a2.dir
      size: 114773
      nfiles: 17
    - path: src/ml_classifier/
      hash: md5
      md5: f80a98d6ff392169a3d3c93c4cd699c7.dir
      size: 75397
      nfiles: 12
    - path: src/utils.py
      hash: md5
      md5: 82d7f957e271659a3b44e73381848f19
      size: 1316
    params:
      configs/default.yaml:
        external_datasets.deepset:
          name: deepset/prompt-injections
          split: test
          text_col: text
          label_col: label
          label_map:
            1: adversarial
            0: benign
        hybrid.ml_confidence_threshold: 0.85
    outs:
    - path: data/processed/research_external/research_external_deepset.parquet
      hash: md5
      md5: 51abbcb9175cda864b2e6eebb02387d9
      size: 54372
    - path: reports/research_external/research_external_deepset.md
      hash: md5
      md5: 6db0d15cfb2fd4e022494eb714e73caf
      size: 3763
  research_external@jackhhao:
    cmd: python -m src.cli.research_external --dataset jackhhao
    deps:
    - path: data/processed/models/ml_baseline.pkl
      hash: md5
      md5: 6291405d24b27156e44305f9e061fce6
      size: 8270153
    - path: data/processed/splits/train.parquet
      hash: md5
      md5: 2ecf6b8c32c982f19f1754db97279bd5
      size: 1845316
    - path: src/cli/research_external.py
      hash: md5
      md5: 07685730e704d770c9a0e6c1c66d2ddb
      size: 16899
    - path: src/embeddings.py
      hash: md5
      md5: 95e44cb04fbcb776a8dd9cd99f012f60
      size: 11238
    - path: src/eval_external.py
      hash: md5
      md5: 0e306a2199f8e819a6453c1adc54cd93
      size: 10565
    - path: src/llm_classifier/
      hash: md5
      md5: 8044874f2957285b333a5880a978a3a2.dir
      size: 114773
      nfiles: 17
    - path: src/ml_classifier/
      hash: md5
      md5: f80a98d6ff392169a3d3c93c4cd699c7.dir
      size: 75397
      nfiles: 12
    - path: src/utils.py
      hash: md5
      md5: 82d7f957e271659a3b44e73381848f19
      size: 1316
    params:
      configs/default.yaml:
        external_datasets.jackhhao:
          name: jackhhao/jailbreak-classification
          split: test
          text_col: prompt
          label_col: type
          label_map:
            jailbreak: adversarial
            benign: benign
        hybrid.ml_confidence_threshold: 0.85
    outs:
    - path: data/processed/research_external/research_external_jackhhao.parquet
      hash: md5
      md5: 6833c0ea62671d579ef90d00d0e08b29
      size: 280536
    - path: reports/research_external/research_external_jackhhao.md
      hash: md5
      md5: c7df94a6ae53161c072779193b060dcf
      size: 4341
  research_external@safeguard:
    cmd: python -m src.cli.research_external --dataset safeguard
    deps:
    - path: data/processed/models/ml_baseline.pkl
      hash: md5
      md5: 6291405d24b27156e44305f9e061fce6
      size: 8270153
    - path: data/processed/splits/train.parquet
      hash: md5
      md5: 2ecf6b8c32c982f19f1754db97279bd5
      size: 1845316
    - path: src/cli/research_external.py
      hash: md5
      md5: 07685730e704d770c9a0e6c1c66d2ddb
      size: 16899
    - path: src/embeddings.py
      hash: md5
      md5: 95e44cb04fbcb776a8dd9cd99f012f60
      size: 11238
    - path: src/eval_external.py
      hash: md5
      md5: 0e306a2199f8e819a6453c1adc54cd93
      size: 10565
    - path: src/llm_classifier/
      hash: md5
      md5: 8044874f2957285b333a5880a978a3a2.dir
      size: 114773
      nfiles: 17
    - path: src/ml_classifier/
      hash: md5
      md5: f80a98d6ff392169a3d3c93c4cd699c7.dir
      size: 75397
      nfiles: 12
    - path: src/utils.py
      hash: md5
      md5: 82d7f957e271659a3b44e73381848f19
      size: 1316
    params:
      configs/default.yaml:
        external_datasets.safeguard:
          name: xTRam1/safe-guard-prompt-injection
          split: test
          text_col: text
          label_col: label
          label_map:
            1: adversarial
            0: benign
        hybrid.ml_confidence_threshold: 0.85
    outs:
    - path: data/processed/research_external/research_external_safeguard.parquet
      hash: md5
      md5: eb50c2848e3bac5325adb0b645f1ccf4
      size: 924896
    - path: reports/research_external/research_external_safeguard.md
      hash: md5
      md5: dea6345774fe1913801674f0dbf63a6e
      size: 4149
  research_external@spml:
    cmd: python -m src.cli.research_external --dataset spml
    deps:
    - path: data/processed/models/ml_baseline.pkl
      hash: md5
      md5: 6291405d24b27156e44305f9e061fce6
      size: 8270153
    - path: data/processed/splits/train.parquet
      hash: md5
      md5: 2ecf6b8c32c982f19f1754db97279bd5
      size: 1845316
    - path: src/cli/research_external.py
      hash: md5
      md5: 07685730e704d770c9a0e6c1c66d2ddb
      size: 16899
    - path: src/embeddings.py
      hash: md5
      md5: 95e44cb04fbcb776a8dd9cd99f012f60
      size: 11238
    - path: src/eval_external.py
      hash: md5
      md5: 0e306a2199f8e819a6453c1adc54cd93
      size: 10565
    - path: src/llm_classifier/
      hash: md5
      md5: 8044874f2957285b333a5880a978a3a2.dir
      size: 114773
      nfiles: 17
    - path: src/ml_classifier/
      hash: md5
      md5: f80a98d6ff392169a3d3c93c4cd699c7.dir
      size: 75397
      nfiles: 12
    - path: src/utils.py
      hash: md5
      md5: 82d7f957e271659a3b44e73381848f19
      size: 1316
    params:
      configs/default.yaml:
        external_datasets.spml:
          name: reshabhs/SPML_Chatbot_Prompt_Injection
          split: train
          text_col: User Prompt
          label_col: Prompt injection
          label_map:
            1: adversarial
            0: benign
        hybrid.ml_confidence_threshold: 0.85
    outs:
    - path: data/processed/research_external/research_external_spml.parquet
      hash: md5
      md5: e6810c072ef620848395b15d2fc742e1
      size: 8848655
    - path: reports/research_external/research_external_spml.md
      hash: md5
      md5: eba1dbd6a3cf77c2b734296ca38194ec
      size: 4351
  inference_ml:
    cmd: python -m src.cli.infer_split --mode ml --split test --output reports/research/inference_ml_test.md
    deps:
    - path: data/processed/models/ml_baseline.pkl
      hash: md5
      md5: 21bb0036f50ee43ba000882995f47ad6
      size: 7469437
    - path: data/processed/splits/test.parquet
      hash: md5
      md5: 2cf5701c17b93d03abbc7197b246f66c
      size: 422839
    - path: src/cli/infer_split.py
      hash: md5
      md5: ebf4881d6dbf083e4d94624d025952c4
      size: 6181
    - path: src/evaluate.py
      hash: md5
      md5: 688b4540f41e9c96963746d704c7ab5f
      size: 12241
    - path: src/ml_classifier/
      hash: md5
      md5: e5faf9c8bae89b4e08d74946ee8709f3.dir
      size: 63287
      nfiles: 12
    - path: src/utils.py
      hash: md5
      md5: 82d7f957e271659a3b44e73381848f19
      size: 1316
    params:
      configs/default.yaml:
        dataset.text_col: modified_sample
    outs:
    - path: reports/research/inference_ml_test.md
      hash: md5
      md5: abddc834e350403854951d8e6ba1f0f8
      size: 2058
