schema: '2.0'
stages:
  preprocess:
    cmd: python -m src.preprocess
    deps:
    - path: src/preprocess.py
      hash: md5
      md5: 5e773ee3a52169ef3b0e3269614cc62e
      size: 4863
    - path: src/utils.py
      hash: md5
      md5: 04786217365bcd6065b5850da530e388
      size: 240
    params:
      configs/default.yaml:
        benign:
          use_originals: true
          target_count: 2000
          paraphrase_model: gpt-4o-mini
          paraphrases_per_prompt: 2
        dataset:
          name: Mindgard/evaded-prompt-injection-and-jailbreak-samples
          split: train
          text_col: modified_sample
          original_text_col: original_sample
          label_col: attack_name
        labels:
          unicode_attacks:
          - Diacritcs
          - Underline Accent Marks
          - Upside Down Text
          - Bidirectional Text
          - Full Width Text
          - Emoji Smuggling
          - Spaces
          - Homoglyphs
          - Deletion Characters
          - Unicode Tags Smuggling
          - Zero Width
          - Numbers
          nlp_attacks:
          - BAE
          - Bert-Attack
          - Deep Word Bug
          - Alzantot
          - Pruthi
          - PWWS
          - TextBugger
          - TextFooler
          held_out_attacks:
          - Emoji Smuggling
          - Pruthi
    outs:
    - path: data/processed/full_dataset.parquet
      hash: md5
      md5: ab5fd0e979cef0ed8c1a0616eb430d70
      size: 3523751
  build_splits:
    cmd: python -m src.build_splits
    deps:
    - path: data/processed/full_dataset.parquet
      hash: md5
      md5: ab5fd0e979cef0ed8c1a0616eb430d70
      size: 3523751
    - path: src/build_splits.py
      hash: md5
      md5: 9837e530e8baefd41b0159d22fc61b5f
      size: 3016
    - path: src/utils.py
      hash: md5
      md5: 04786217365bcd6065b5850da530e388
      size: 240
    params:
      configs/default.yaml:
        labels.held_out_attacks:
        - Emoji Smuggling
        - Pruthi
        splits:
          train: 0.7
          val: 0.15
          test: 0.15
          random_seed: 42
    outs:
    - path: data/processed/test.parquet
      hash: md5
      md5: db977940e7ccac65b19b7c3c50edd6f4
      size: 422964
    - path: data/processed/test_unseen.parquet
      hash: md5
      md5: 6a1eeff3f8d411276283b8ce70847ab8
      size: 523346
    - path: data/processed/train.parquet
      hash: md5
      md5: 6d4febcfcd8e5acac0c2fcc9561a6cf6
      size: 2017894
    - path: data/processed/val.parquet
      hash: md5
      md5: 44b79583db409fa8f66d2c4b9ff07f79
      size: 637850
  ml_baseline:
    cmd: python -m src.ml_baseline
    deps:
    - path: data/processed/test.parquet
      hash: md5
      md5: db977940e7ccac65b19b7c3c50edd6f4
      size: 422964
    - path: data/processed/test_unseen.parquet
      hash: md5
      md5: 6a1eeff3f8d411276283b8ce70847ab8
      size: 523346
    - path: data/processed/train.parquet
      hash: md5
      md5: 6d4febcfcd8e5acac0c2fcc9561a6cf6
      size: 2017894
    - path: data/processed/val.parquet
      hash: md5
      md5: 44b79583db409fa8f66d2c4b9ff07f79
      size: 637850
    - path: src/ml_baseline.py
      hash: md5
      md5: 3a4d7f7ef7127f0da49cf5704c408bf5
      size: 10809
    - path: src/utils.py
      hash: md5
      md5: 04786217365bcd6065b5850da530e388
      size: 240
    params:
      configs/default.yaml:
        ml:
          char_ngram_range:
          - 2
          - 5
          max_features: 50000
          C: 1.0
    outs:
    - path: data/processed/ml_baseline.pkl
      hash: md5
      md5: 01e72963389272f2975be50cffdf7f13
      size: 8630141
  llm_classifier:
    cmd: python -m src.llm_classifier --split test --limit 100
    deps:
    - path: data/processed/test.parquet
      hash: md5
      md5: db977940e7ccac65b19b7c3c50edd6f4
      size: 422964
    - path: data/processed/train.parquet
      hash: md5
      md5: 6d4febcfcd8e5acac0c2fcc9561a6cf6
      size: 2017894
    - path: src/embeddings.py
      hash: md5
      md5: 6f308b8b543bdf0931842b7dac551364
      size: 6836
    - path: src/llm_classifier.py
      hash: md5
      md5: 4dd246c7dce924d2f82b98dd86d3cf96
      size: 17083
    - path: src/utils.py
      hash: md5
      md5: 04786217365bcd6065b5850da530e388
      size: 240
    params:
      configs/default.yaml:
        llm:
          model: gpt-4o-mini
          model_quality: gpt-4o
          temperature: 0
          max_tokens_binary: 30
          max_tokens_category: 30
          max_tokens_type: 50
          few_shot:
            unicode: 2
            nlp: 5
            embedding_model: text-embedding-3-small
            bank_size_per_type: 15
            dynamic_k: 2
    outs:
    - path: data/processed/predictions_test.csv
      hash: md5
      md5: 905021b44415dae1752982878c10b222
      size: 119342
  hybrid_router:
    cmd: python -m src.hybrid_router --limit 100
    deps:
    - path: data/processed/ml_baseline.pkl
      hash: md5
      md5: 01e72963389272f2975be50cffdf7f13
      size: 8630141
    - path: data/processed/test.parquet
      hash: md5
      md5: db977940e7ccac65b19b7c3c50edd6f4
      size: 422964
    - path: data/processed/train.parquet
      hash: md5
      md5: 6d4febcfcd8e5acac0c2fcc9561a6cf6
      size: 2017894
    - path: src/embeddings.py
      hash: md5
      md5: 6f308b8b543bdf0931842b7dac551364
      size: 6836
    - path: src/hybrid_router.py
      hash: md5
      md5: c705b29dc0202281bd75415bdfbedb1e
      size: 7814
    - path: src/llm_classifier.py
      hash: md5
      md5: 4dd246c7dce924d2f82b98dd86d3cf96
      size: 17083
    - path: src/ml_baseline.py
      hash: md5
      md5: 3a4d7f7ef7127f0da49cf5704c408bf5
      size: 10809
    - path: src/utils.py
      hash: md5
      md5: 04786217365bcd6065b5850da530e388
      size: 240
    params:
      configs/default.yaml:
        hybrid:
          ml_confidence_threshold: 0.85
          llm_confidence_threshold: 0.7
    outs:
    - path: reports/eval_report_hybrid.md
      hash: md5
      md5: 44ee9dfbb49abaea65abb7e7c0d7e5cf
      size: 1839
  evaluate:
    cmd: python -m src.evaluate --predictions data/processed/predictions_test.csv
    deps:
    - path: data/processed/predictions_test.csv
      hash: md5
      md5: 905021b44415dae1752982878c10b222
      size: 119342
    - path: src/evaluate.py
      hash: md5
      md5: 006e21a15c5a7f21282f8fa79e962e00
      size: 10190
    outs:
    - path: reports/eval_report_llm.md
      hash: md5
      md5: bea8e940f0abe14a12fd7fabe68605f2
      size: 1546
