schema: '2.0'
stages:
  preprocess:
    cmd: python -m src.preprocess
    deps:
    - path: src/preprocess.py
      hash: md5
      md5: 1c888dcc3090f759f25bf6b00fdf0fa1
      size: 7126
    - path: src/utils.py
      hash: md5
      md5: f80e070a2f3a6149572a221c0e3887b7
      size: 1676
    params:
      configs/default.yaml:
        benign:
          use_originals: true
          target_count: 2000
          paraphrase_model: meta/llama-3.1-8b-instruct
          paraphrases_per_prompt: 2
          synthetic:
            enabled: true
            generation_model: meta/llama-3.1-8b-instruct
            quotas:
              A: 1000
              B: 1250
              C: 1250
              D: 750
              E: 500
              F: 250
            batch_size: 20
            output_path: data/processed/synthetic_benign.parquet
        dataset:
          name: Mindgard/evaded-prompt-injection-and-jailbreak-samples
          split: train
          text_col: modified_sample
          original_text_col: original_sample
          label_col: attack_name
        labels:
          unicode_attacks:
          - Diacritcs
          - Underline Accent Marks
          - Upside Down Text
          - Bidirectional Text
          - Full Width Text
          - Emoji Smuggling
          - Spaces
          - Homoglyphs
          - Deletion Characters
          - Unicode Tags Smuggling
          - Zero Width
          - Numbers
          nlp_attacks:
          - BAE
          - Bert-Attack
          - Deep Word Bug
          - Alzantot
          - Pruthi
          - PWWS
          - TextBugger
          - TextFooler
          held_out_attacks:
          - Emoji Smuggling
          - Pruthi
    outs:
    - path: data/processed/full_dataset.parquet
      hash: md5
      md5: 7d3129824584dc8966ea5b63faa37d6b
      size: 3254223
  build_splits:
    cmd: python -m src.build_splits
    deps:
    - path: data/processed/full_dataset.parquet
      hash: md5
      md5: 7d3129824584dc8966ea5b63faa37d6b
      size: 3254223
    - path: src/build_splits.py
      hash: md5
      md5: b73963e040ab28472232da020fa80735
      size: 3041
    - path: src/utils.py
      hash: md5
      md5: f80e070a2f3a6149572a221c0e3887b7
      size: 1676
    params:
      configs/default.yaml:
        labels.held_out_attacks:
        - Emoji Smuggling
        - Pruthi
        splits:
          train: 0.7
          val: 0.15
          test: 0.15
          random_seed: 42
    outs:
    - path: data/processed/splits/test.parquet
      hash: md5
      md5: fdc978f8841e97de84a19852d22d6c38
      size: 440887
    - path: data/processed/splits/test_unseen.parquet
      hash: md5
      md5: e43d8355c4f8634d825bcc9a3b021488
      size: 524218
    - path: data/processed/splits/train.parquet
      hash: md5
      md5: 60a9cc4eb557a1daacba383714007c49
      size: 2041468
    - path: data/processed/splits/val.parquet
      hash: md5
      md5: 8766a116b2ccd43cbafd9c494b60dd52
      size: 367338
  ml_model:
    cmd: python -m src.ml_classifier.ml_baseline --research --no-wandb
    deps:
    - path: data/processed/splits/test.parquet
      hash: md5
      md5: fdc978f8841e97de84a19852d22d6c38
      size: 440887
    - path: data/processed/splits/test_unseen.parquet
      hash: md5
      md5: e43d8355c4f8634d825bcc9a3b021488
      size: 524218
    - path: data/processed/splits/train.parquet
      hash: md5
      md5: 60a9cc4eb557a1daacba383714007c49
      size: 2041468
    - path: data/processed/splits/val.parquet
      hash: md5
      md5: 8766a116b2ccd43cbafd9c494b60dd52
      size: 367338
    - path: src/ml_classifier/
      hash: md5
      md5: 5496f629f01da74d0bcb0863addc21df.dir
      size: 82514
      nfiles: 12
    - path: src/utils.py
      hash: md5
      md5: f80e070a2f3a6149572a221c0e3887b7
      size: 1676
    params:
      configs/default.yaml:
        ml:
          char_ngram_range:
          - 2
          - 5
          max_features: 50000
          C: 1.0
          solver: saga
          max_iter: 8000
          tol: 0.001
          scale_features: true
          hyperparam_search:
            enabled: true
            C_values:
            - 0.01
            - 0.1
            - 1.0
            - 10.0
            cv_folds: 5
            scoring: f1_macro
            n_jobs: -1
    outs:
    - path: data/processed/models/ml_baseline.pkl
      hash: md5
      md5: 1f028a09d125c6a04a39b30524168668
      size: 8268564
    - path: data/processed/predictions/ml_predictions_test.parquet
      hash: md5
      md5: 7a83a7368c7b59ade0a5aafdbc16f336
      size: 834418
    - path: data/processed/predictions/ml_predictions_test_unseen.parquet
      hash: md5
      md5: 4423590aa4f5e9d90d49d3a220b76e8e
      size: 708796
    - path: data/processed/predictions/ml_predictions_val.parquet
      hash: md5
      md5: d1c4da5eb6c415539d97429d139dc5d9
      size: 684905
  llm_classifier:
    cmd: python -m src.llm_classifier.llm_classifier --split test --research --no-wandb
    deps:
    - path: data/processed/splits/test.parquet
      hash: md5
      md5: fdc978f8841e97de84a19852d22d6c38
      size: 440887
    - path: data/processed/splits/train.parquet
      hash: md5
      md5: 60a9cc4eb557a1daacba383714007c49
      size: 2041468
    - path: src/embeddings.py
      hash: md5
      md5: a7682af98924d3c3de61919752578035
      size: 11306
    - path: src/llm_classifier/
      hash: md5
      md5: ed3ab36ca0b0a22cf23f137080c8e36d.dir
      size: 157525
      nfiles: 17
    - path: src/utils.py
      hash: md5
      md5: bdae10eefe0ccf3499acc24496e897e6
      size: 1541
    params:
      configs/default.yaml:
        llm:
          model: meta/llama-3.1-8b-instruct
          model_quality: meta/llama-3.1-70b-instruct
          temperature: 0
          max_concurrency: 8
          checkpoint_every: 200
          resume: true
          max_tokens_classifier: 200
          max_tokens_judge: 500
          judge_confidence_threshold: 0.9
          capture_logprobs: true
          top_logprobs: 5
          few_shot:
            unicode: 2
            nlp: 5
            include_hard_benign: false
            embedding_model: nvidia/nv-embedqa-e5-v5
            bank_size_per_type: 15
            dynamic_k: 2
    outs:
    - path: data/processed/predictions/llm_predictions_test.parquet
      hash: md5
      md5: bef84b73135f0a610d3f8ee5c2769a54
      size: 17510990
  research:
    cmd: python -m src.research --split test
    deps:
    - path: data/processed/predictions/
      hash: md5
      md5: 1daa7aae632e65a29dce6ed048af2a7b.dir
      size: 35895554
      nfiles: 7
    - path: data/processed/splits/test.parquet
      hash: md5
      md5: fdc978f8841e97de84a19852d22d6c38
      size: 440887
    - path: src/evaluate.py
      hash: md5
      md5: b905cf93ebfed6d3833a199a7a37437b
      size: 15498
    - path: src/hybrid_router.py
      hash: md5
      md5: ba2f5e65f7c674aae0b3f1f0db92c0b9
      size: 19303
    - path: src/research.py
      hash: md5
      md5: 369d030705529f3c5eae6d79f46d4090
      size: 36020
    - path: src/utils.py
      hash: md5
      md5: f80e070a2f3a6149572a221c0e3887b7
      size: 1676
    params:
      configs/default.yaml:
        hybrid:
          ml_confidence_threshold: 0.85
          llm_confidence_threshold: 0.9
          margin_policy: baseline
          logprob_margin_threshold: 2.0
          margin_low_threshold: 1.0
          margin_high_threshold: 2.5
          margin_threshold_classifier_only: 2.5
          margin_threshold_judge: 1.5
          production_adversarial_prior: 0.1
    outs:
    - path: data/processed/research/hybrid_margin_trace_test.parquet
      hash: md5
      md5: 9edfe45f75e45f77d7c61a3fdb26c47d
      size: 262132
    - path: data/processed/research/research_test.parquet
      hash: md5
      md5: bfe94ea089558d5e37aa9dcf9046d051
      size: 17923238
  research_external@deepset:
    cmd: python -m src.cli.research_external --dataset deepset --mode hybrid --llm-predictions-path
      data/processed/predictions_external/llm_predictions_external_deepset.parquet
    deps:
    - path: data/processed/models/ml_baseline.pkl
      hash: md5
      md5: 1f028a09d125c6a04a39b30524168668
      size: 8268564
    - path: data/processed/predictions_external/llm_predictions_external_deepset.parquet
      hash: md5
      md5: a97b57100d712d81a84635ea1141fa45
      size: 197123
    - path: data/processed/splits/train.parquet
      hash: md5
      md5: 60a9cc4eb557a1daacba383714007c49
      size: 2041468
    - path: src/cli/research_external.py
      hash: md5
      md5: b5e274a7ec80f3cc4d433ef4889c2e39
      size: 27775
    - path: src/embeddings.py
      hash: md5
      md5: a7682af98924d3c3de61919752578035
      size: 11306
    - path: src/eval_external.py
      hash: md5
      md5: 2f3b6aaa2d1b36cff3f678b32459b151
      size: 11399
    - path: src/llm_classifier/
      hash: md5
      md5: ed3ab36ca0b0a22cf23f137080c8e36d.dir
      size: 157525
      nfiles: 17
    - path: src/ml_classifier/
      hash: md5
      md5: 5496f629f01da74d0bcb0863addc21df.dir
      size: 82514
      nfiles: 12
    - path: src/utils.py
      hash: md5
      md5: f80e070a2f3a6149572a221c0e3887b7
      size: 1676
    params:
      configs/default.yaml:
        external_datasets.deepset:
          name: deepset/prompt-injections
          split: test
          text_col: text
          label_col: label
          label_map:
            1: adversarial
            0: benign
        hybrid.ml_confidence_threshold: 0.85
    outs:
    - path: data/processed/research_external/research_external_deepset.parquet
      hash: md5
      md5: bcca6f3ccca7f1fdd221711f50a4c5c2
      size: 254724
  research_external@jackhhao:
    cmd: python -m src.cli.research_external --dataset jackhhao --mode hybrid --llm-predictions-path
      data/processed/predictions_external/llm_predictions_external_jackhhao.parquet
    deps:
    - path: data/processed/models/ml_baseline.pkl
      hash: md5
      md5: 1f028a09d125c6a04a39b30524168668
      size: 8268564
    - path: data/processed/predictions_external/llm_predictions_external_jackhhao.parquet
      hash: md5
      md5: 36f97994673ce6cdd1dc43d9cd0decdb
      size: 843538
    - path: data/processed/splits/train.parquet
      hash: md5
      md5: 60a9cc4eb557a1daacba383714007c49
      size: 2041468
    - path: src/cli/research_external.py
      hash: md5
      md5: b5e274a7ec80f3cc4d433ef4889c2e39
      size: 27775
    - path: src/embeddings.py
      hash: md5
      md5: a7682af98924d3c3de61919752578035
      size: 11306
    - path: src/eval_external.py
      hash: md5
      md5: 2f3b6aaa2d1b36cff3f678b32459b151
      size: 11399
    - path: src/llm_classifier/
      hash: md5
      md5: ed3ab36ca0b0a22cf23f137080c8e36d.dir
      size: 157525
      nfiles: 17
    - path: src/ml_classifier/
      hash: md5
      md5: 5496f629f01da74d0bcb0863addc21df.dir
      size: 82514
      nfiles: 12
    - path: src/utils.py
      hash: md5
      md5: f80e070a2f3a6149572a221c0e3887b7
      size: 1676
    params:
      configs/default.yaml:
        external_datasets.jackhhao:
          name: jackhhao/jailbreak-classification
          split: test
          text_col: prompt
          label_col: type
          label_map:
            jailbreak: adversarial
            benign: benign
        hybrid.ml_confidence_threshold: 0.85
    outs:
    - path: data/processed/research_external/research_external_jackhhao.parquet
      hash: md5
      md5: e5374cc792d7ae9a7365d8b764215044
      size: 1122327
  research_external@safeguard:
    cmd: python -m src.cli.research_external --dataset safeguard --mode hybrid --llm-predictions-path
      data/processed/predictions_external/llm_predictions_external_safeguard.parquet
    deps:
    - path: data/processed/models/ml_baseline.pkl
      hash: md5
      md5: 1f028a09d125c6a04a39b30524168668
      size: 8268564
    - path: data/processed/predictions_external/llm_predictions_external_safeguard.parquet
      hash: md5
      md5: 20e27d157e7effa401fe289674640284
      size: 2768963
    - path: data/processed/splits/train.parquet
      hash: md5
      md5: 60a9cc4eb557a1daacba383714007c49
      size: 2041468
    - path: src/cli/research_external.py
      hash: md5
      md5: b5e274a7ec80f3cc4d433ef4889c2e39
      size: 27775
    - path: src/embeddings.py
      hash: md5
      md5: a7682af98924d3c3de61919752578035
      size: 11306
    - path: src/eval_external.py
      hash: md5
      md5: 2f3b6aaa2d1b36cff3f678b32459b151
      size: 11399
    - path: src/llm_classifier/
      hash: md5
      md5: ed3ab36ca0b0a22cf23f137080c8e36d.dir
      size: 157525
      nfiles: 17
    - path: src/ml_classifier/
      hash: md5
      md5: 5496f629f01da74d0bcb0863addc21df.dir
      size: 82514
      nfiles: 12
    - path: src/utils.py
      hash: md5
      md5: f80e070a2f3a6149572a221c0e3887b7
      size: 1676
    params:
      configs/default.yaml:
        external_datasets.safeguard:
          name: xTRam1/safe-guard-prompt-injection
          split: test
          text_col: text
          label_col: label
          label_map:
            1: adversarial
            0: benign
        hybrid.ml_confidence_threshold: 0.85
    outs:
    - path: data/processed/research_external/research_external_safeguard.parquet
      hash: md5
      md5: d5d90bc39432489e14311be1ad44e77c
      size: 3631317
  research_external@spml:
    cmd: python -m src.cli.research_external --dataset spml --mode hybrid --llm-predictions-path
      data/processed/predictions_external/llm_predictions_external_spml.parquet
    deps:
    - path: data/processed/models/ml_baseline.pkl
      hash: md5
      md5: ab0618975b2d0c6ef533bce9e726584c
      size: 8270153
    - path: data/processed/predictions_external/llm_predictions_external_spml.parquet
      hash: md5
      md5: fca081afe7db0ad18a5ddf11ecd78840
      size: 710460
    - path: data/processed/splits/train.parquet
      hash: md5
      md5: 2ecf6b8c32c982f19f1754db97279bd5
      size: 1845316
    - path: src/cli/research_external.py
      hash: md5
      md5: 98524b5777e109a0a1ea368c1f53d487
      size: 26260
    - path: src/embeddings.py
      hash: md5
      md5: 95e44cb04fbcb776a8dd9cd99f012f60
      size: 11238
    - path: src/eval_external.py
      hash: md5
      md5: 2f3b6aaa2d1b36cff3f678b32459b151
      size: 11399
    - path: src/llm_classifier/
      hash: md5
      md5: 6bc8e0b6c37e6d69cfe3e713b2d48237.dir
      size: 137242
      nfiles: 17
    - path: src/ml_classifier/
      hash: md5
      md5: 5496f629f01da74d0bcb0863addc21df.dir
      size: 82514
      nfiles: 12
    - path: src/utils.py
      hash: md5
      md5: 5f1b54f4edae1b9281466445b9b10ffd
      size: 1404
    params:
      configs/default.yaml:
        external_datasets.spml:
          name: reshabhs/SPML_Chatbot_Prompt_Injection
          split: train
          text_col: User Prompt
          label_col: Prompt injection
          label_map:
            1: adversarial
            0: benign
        hybrid.ml_confidence_threshold: 0.85
    outs:
    - path: data/processed/research_external/research_external_spml.parquet
      hash: md5
      md5: 5de149cfee5cd8f4165a4cd5cb0cc12a
      size: 9018714
  inference_ml:
    cmd: python -m src.cli.infer_split --mode ml --split test --output reports/research/inference_ml_test.md
    deps:
    - path: data/processed/models/ml_baseline.pkl
      hash: md5
      md5: 21bb0036f50ee43ba000882995f47ad6
      size: 7469437
    - path: data/processed/splits/test.parquet
      hash: md5
      md5: 2cf5701c17b93d03abbc7197b246f66c
      size: 422839
    - path: src/cli/infer_split.py
      hash: md5
      md5: ebf4881d6dbf083e4d94624d025952c4
      size: 6181
    - path: src/evaluate.py
      hash: md5
      md5: 688b4540f41e9c96963746d704c7ab5f
      size: 12241
    - path: src/ml_classifier/
      hash: md5
      md5: e5faf9c8bae89b4e08d74946ee8709f3.dir
      size: 63287
      nfiles: 12
    - path: src/utils.py
      hash: md5
      md5: 82d7f957e271659a3b44e73381848f19
      size: 1316
    params:
      configs/default.yaml:
        dataset.text_col: modified_sample
    outs:
    - path: reports/research/inference_ml_test.md
      hash: md5
      md5: abddc834e350403854951d8e6ba1f0f8
      size: 2058
  eval_new:
    cmd: python -m src.cli.eval_new --split test --config configs/default.yaml --only-main
    deps:
    - path: data/processed/research/posthoc_benign_risk_summary.csv
      hash: md5
      md5: cd8a7af9e3ab93fcb9885a0f62949340
      size: 246
    - path: data/processed/research/research_test.parquet
      hash: md5
      md5: bfe94ea089558d5e37aa9dcf9046d051
      size: 17923238
    - path: data/processed/research_external/
      hash: md5
      md5: 5357acebf869f5dff290306dd09a95e7.dir
      size: 14027082
      nfiles: 4
    - path: src/baselines/threshold.py
      hash: md5
      md5: dadec0a8a0b73fb28122b4b19bc3a016
      size: 4639
    - path: src/cli/eval_baselines.py
      hash: md5
      md5: 2a0c31f5d8ec5922e747de037c6bbf52
      size: 8693
    - path: src/cli/eval_new.py
      hash: md5
      md5: dbeeb12f7ab4a65375685347cf8b6baa
      size: 14664
    - path: src/evaluate.py
      hash: md5
      md5: b905cf93ebfed6d3833a199a7a37437b
      size: 15498
    - path: src/research.py
      hash: md5
      md5: 369d030705529f3c5eae6d79f46d4090
      size: 36020
    - path: src/utils.py
      hash: md5
      md5: f80e070a2f3a6149572a221c0e3887b7
      size: 1676
    params:
      configs/default.yaml:
        external_datasets:
          deepset:
            name: deepset/prompt-injections
            split: test
            text_col: text
            label_col: label
            label_map:
              1: adversarial
              0: benign
          jackhhao:
            name: jackhhao/jailbreak-classification
            split: test
            text_col: prompt
            label_col: type
            label_map:
              jailbreak: adversarial
              benign: benign
          safeguard:
            name: xTRam1/safe-guard-prompt-injection
            split: test
            text_col: text
            label_col: label
            label_map:
              1: adversarial
              0: benign
        llm:
          model: meta/llama-3.1-8b-instruct
          model_quality: meta/llama-3.1-70b-instruct
          temperature: 0
          max_concurrency: 8
          checkpoint_every: 200
          resume: true
          max_tokens_classifier: 200
          max_tokens_judge: 500
          judge_confidence_threshold: 0.9
          capture_logprobs: true
          top_logprobs: 5
          few_shot:
            unicode: 2
            nlp: 5
            include_hard_benign: false
            embedding_model: nvidia/nv-embedqa-e5-v5
            bank_size_per_type: 15
            dynamic_k: 2
    outs:
    - path: reports/research/eval_report_hybrid.md
      hash: md5
      md5: f8de02c07c6c784f405bd5fca8090255
      size: 2875
    - path: reports/research/eval_report_llm.md
      hash: md5
      md5: 151853e79055fce3fa0692e0ff899a60
      size: 1016
    - path: reports/research/eval_report_ml.md
      hash: md5
      md5: c535c1185468c3141ed5bb8ca12d422f
      size: 1833
    - path: reports/research/summary_report.md
      hash: md5
      md5: b761050bde083c45de1dd06a097a9e6f
      size: 1678
  eval_new_external@deepset:
    cmd: python -m src.cli.eval_new --config configs/default.yaml --only-external
      --dataset deepset
    deps:
    - path: data/processed/research_external/research_external_deepset.parquet
      hash: md5
      md5: bcca6f3ccca7f1fdd221711f50a4c5c2
      size: 254724
    - path: src/cli/eval_new.py
      hash: md5
      md5: dbeeb12f7ab4a65375685347cf8b6baa
      size: 14664
    - path: src/cli/research_external.py
      hash: md5
      md5: b5e274a7ec80f3cc4d433ef4889c2e39
      size: 27775
    - path: src/evaluate.py
      hash: md5
      md5: b905cf93ebfed6d3833a199a7a37437b
      size: 15498
    - path: src/utils.py
      hash: md5
      md5: f80e070a2f3a6149572a221c0e3887b7
      size: 1676
    params:
      configs/default.yaml:
        external_datasets.deepset:
          name: deepset/prompt-injections
          split: test
          text_col: text
          label_col: label
          label_map:
            1: adversarial
            0: benign
        hybrid.ml_confidence_threshold: 0.85
    outs:
    - path: reports/research_external/research_external_deepset.md
      hash: md5
      md5: 7bd11ef5ec07fed7844daec2ba9a5ed6
      size: 3778
  eval_new_external@jackhhao:
    cmd: python -m src.cli.eval_new --config configs/default.yaml --only-external
      --dataset jackhhao
    deps:
    - path: data/processed/research_external/research_external_jackhhao.parquet
      hash: md5
      md5: e5374cc792d7ae9a7365d8b764215044
      size: 1122327
    - path: src/cli/eval_new.py
      hash: md5
      md5: dbeeb12f7ab4a65375685347cf8b6baa
      size: 14664
    - path: src/cli/research_external.py
      hash: md5
      md5: b5e274a7ec80f3cc4d433ef4889c2e39
      size: 27775
    - path: src/evaluate.py
      hash: md5
      md5: b905cf93ebfed6d3833a199a7a37437b
      size: 15498
    - path: src/utils.py
      hash: md5
      md5: f80e070a2f3a6149572a221c0e3887b7
      size: 1676
    params:
      configs/default.yaml:
        external_datasets.jackhhao:
          name: jackhhao/jailbreak-classification
          split: test
          text_col: prompt
          label_col: type
          label_map:
            jailbreak: adversarial
            benign: benign
        hybrid.ml_confidence_threshold: 0.85
    outs:
    - path: reports/research_external/research_external_jackhhao.md
      hash: md5
      md5: c27bfcf0ba7ea32c7e1f2cccf36fe353
      size: 3835
  eval_new_external@safeguard:
    cmd: python -m src.cli.eval_new --config configs/default.yaml --only-external
      --dataset safeguard
    deps:
    - path: data/processed/research_external/research_external_safeguard.parquet
      hash: md5
      md5: d5d90bc39432489e14311be1ad44e77c
      size: 3631317
    - path: src/cli/eval_new.py
      hash: md5
      md5: dbeeb12f7ab4a65375685347cf8b6baa
      size: 14664
    - path: src/cli/research_external.py
      hash: md5
      md5: b5e274a7ec80f3cc4d433ef4889c2e39
      size: 27775
    - path: src/evaluate.py
      hash: md5
      md5: b905cf93ebfed6d3833a199a7a37437b
      size: 15498
    - path: src/utils.py
      hash: md5
      md5: f80e070a2f3a6149572a221c0e3887b7
      size: 1676
    params:
      configs/default.yaml:
        external_datasets.safeguard:
          name: xTRam1/safe-guard-prompt-injection
          split: test
          text_col: text
          label_col: label
          label_map:
            1: adversarial
            0: benign
        hybrid.ml_confidence_threshold: 0.85
    outs:
    - path: reports/research_external/research_external_safeguard.md
      hash: md5
      md5: 72e252311d94377e16009ab2d39dbf19
      size: 4266
  eval_new_external@spml:
    cmd: python -m src.cli.eval_new --config configs/default.yaml --only-external
      --dataset spml
    deps:
    - path: data/processed/research_external/research_external_spml.parquet
      hash: md5
      md5: 5de149cfee5cd8f4165a4cd5cb0cc12a
      size: 9018714
    - path: src/cli/eval_new.py
      hash: md5
      md5: 10fed0f56f9abf2b8c72b65b8ec8fadb
      size: 11473
    - path: src/cli/research_external.py
      hash: md5
      md5: 98524b5777e109a0a1ea368c1f53d487
      size: 26260
    - path: src/evaluate.py
      hash: md5
      md5: 0871464d37f5f6d0a3bbfa8f3ba72a2f
      size: 12497
    - path: src/utils.py
      hash: md5
      md5: 5f1b54f4edae1b9281466445b9b10ffd
      size: 1404
    params:
      configs/default.yaml:
        external_datasets.spml:
          name: reshabhs/SPML_Chatbot_Prompt_Injection
          split: train
          text_col: User Prompt
          label_col: Prompt injection
          label_map:
            1: adversarial
            0: benign
        hybrid.ml_confidence_threshold: 0.85
    outs:
    - path: reports/research_external/research_external_spml.md
      hash: md5
      md5: 7d8ea0dba4de9db0734b710bd24415e9
      size: 5224
  research_external_llm@deepset:
    cmd: python -m src.cli.research_external --dataset deepset --mode llm --llm-predictions-path
      data/processed/predictions_external/llm_predictions_external_deepset.parquet
    deps:
    - path: data/processed/splits/train.parquet
      hash: md5
      md5: 60a9cc4eb557a1daacba383714007c49
      size: 2041468
    - path: src/cli/research_external.py
      hash: md5
      md5: b5e274a7ec80f3cc4d433ef4889c2e39
      size: 27775
    - path: src/embeddings.py
      hash: md5
      md5: a7682af98924d3c3de61919752578035
      size: 11306
    - path: src/eval_external.py
      hash: md5
      md5: 2f3b6aaa2d1b36cff3f678b32459b151
      size: 11399
    - path: src/llm_classifier/
      hash: md5
      md5: ed3ab36ca0b0a22cf23f137080c8e36d.dir
      size: 157525
      nfiles: 17
    - path: src/utils.py
      hash: md5
      md5: f80e070a2f3a6149572a221c0e3887b7
      size: 1676
    params:
      configs/default.yaml:
        external_datasets.deepset:
          name: deepset/prompt-injections
          split: test
          text_col: text
          label_col: label
          label_map:
            1: adversarial
            0: benign
        llm:
          model: meta/llama-3.1-8b-instruct
          model_quality: meta/llama-3.1-70b-instruct
          temperature: 0
          max_concurrency: 8
          checkpoint_every: 200
          resume: true
          max_tokens_classifier: 200
          max_tokens_judge: 500
          judge_confidence_threshold: 0.9
          capture_logprobs: true
          top_logprobs: 5
          few_shot:
            unicode: 2
            nlp: 5
            include_hard_benign: false
            embedding_model: nvidia/nv-embedqa-e5-v5
            bank_size_per_type: 15
            dynamic_k: 2
    outs:
    - path: data/processed/predictions_external/llm_predictions_external_deepset.parquet
      hash: md5
      md5: a97b57100d712d81a84635ea1141fa45
      size: 197123
  research_external_llm@jackhhao:
    cmd: python -m src.cli.research_external --dataset jackhhao --mode llm --llm-predictions-path
      data/processed/predictions_external/llm_predictions_external_jackhhao.parquet
    deps:
    - path: data/processed/splits/train.parquet
      hash: md5
      md5: 60a9cc4eb557a1daacba383714007c49
      size: 2041468
    - path: src/cli/research_external.py
      hash: md5
      md5: b5e274a7ec80f3cc4d433ef4889c2e39
      size: 27775
    - path: src/embeddings.py
      hash: md5
      md5: a7682af98924d3c3de61919752578035
      size: 11306
    - path: src/eval_external.py
      hash: md5
      md5: 2f3b6aaa2d1b36cff3f678b32459b151
      size: 11399
    - path: src/llm_classifier/
      hash: md5
      md5: ed3ab36ca0b0a22cf23f137080c8e36d.dir
      size: 157525
      nfiles: 17
    - path: src/utils.py
      hash: md5
      md5: f80e070a2f3a6149572a221c0e3887b7
      size: 1676
    params:
      configs/default.yaml:
        external_datasets.jackhhao:
          name: jackhhao/jailbreak-classification
          split: test
          text_col: prompt
          label_col: type
          label_map:
            jailbreak: adversarial
            benign: benign
        llm:
          model: meta/llama-3.1-8b-instruct
          model_quality: meta/llama-3.1-70b-instruct
          temperature: 0
          max_concurrency: 8
          checkpoint_every: 200
          resume: true
          max_tokens_classifier: 200
          max_tokens_judge: 500
          judge_confidence_threshold: 0.9
          capture_logprobs: true
          top_logprobs: 5
          few_shot:
            unicode: 2
            nlp: 5
            include_hard_benign: false
            embedding_model: nvidia/nv-embedqa-e5-v5
            bank_size_per_type: 15
            dynamic_k: 2
    outs:
    - path: data/processed/predictions_external/llm_predictions_external_jackhhao.parquet
      hash: md5
      md5: 36f97994673ce6cdd1dc43d9cd0decdb
      size: 843538
  research_external_llm@safeguard:
    cmd: python -m src.cli.research_external --dataset safeguard --mode llm --llm-predictions-path
      data/processed/predictions_external/llm_predictions_external_safeguard.parquet
    deps:
    - path: data/processed/splits/train.parquet
      hash: md5
      md5: 60a9cc4eb557a1daacba383714007c49
      size: 2041468
    - path: src/cli/research_external.py
      hash: md5
      md5: b5e274a7ec80f3cc4d433ef4889c2e39
      size: 27775
    - path: src/embeddings.py
      hash: md5
      md5: a7682af98924d3c3de61919752578035
      size: 11306
    - path: src/eval_external.py
      hash: md5
      md5: 2f3b6aaa2d1b36cff3f678b32459b151
      size: 11399
    - path: src/llm_classifier/
      hash: md5
      md5: ed3ab36ca0b0a22cf23f137080c8e36d.dir
      size: 157525
      nfiles: 17
    - path: src/utils.py
      hash: md5
      md5: f80e070a2f3a6149572a221c0e3887b7
      size: 1676
    params:
      configs/default.yaml:
        external_datasets.safeguard:
          name: xTRam1/safe-guard-prompt-injection
          split: test
          text_col: text
          label_col: label
          label_map:
            1: adversarial
            0: benign
        llm:
          model: meta/llama-3.1-8b-instruct
          model_quality: meta/llama-3.1-70b-instruct
          temperature: 0
          max_concurrency: 8
          checkpoint_every: 200
          resume: true
          max_tokens_classifier: 200
          max_tokens_judge: 500
          judge_confidence_threshold: 0.9
          capture_logprobs: true
          top_logprobs: 5
          few_shot:
            unicode: 2
            nlp: 5
            include_hard_benign: false
            embedding_model: nvidia/nv-embedqa-e5-v5
            bank_size_per_type: 15
            dynamic_k: 2
    outs:
    - path: data/processed/predictions_external/llm_predictions_external_safeguard.parquet
      hash: md5
      md5: 20e27d157e7effa401fe289674640284
      size: 2768963
  research_external_llm@spml:
    cmd: python -m src.cli.research_external --dataset spml --mode llm --llm-predictions-path
      data/processed/predictions_external/llm_predictions_external_spml.parquet
    deps:
    - path: data/processed/splits/train.parquet
      hash: md5
      md5: 2ecf6b8c32c982f19f1754db97279bd5
      size: 1845316
    - path: src/cli/research_external.py
      hash: md5
      md5: 98524b5777e109a0a1ea368c1f53d487
      size: 26260
    - path: src/embeddings.py
      hash: md5
      md5: 95e44cb04fbcb776a8dd9cd99f012f60
      size: 11238
    - path: src/eval_external.py
      hash: md5
      md5: 2f3b6aaa2d1b36cff3f678b32459b151
      size: 11399
    - path: src/llm_classifier/
      hash: md5
      md5: 6bc8e0b6c37e6d69cfe3e713b2d48237.dir
      size: 137242
      nfiles: 17
    - path: src/utils.py
      hash: md5
      md5: 5f1b54f4edae1b9281466445b9b10ffd
      size: 1404
    params:
      configs/default.yaml:
        external_datasets.spml:
          name: reshabhs/SPML_Chatbot_Prompt_Injection
          split: train
          text_col: User Prompt
          label_col: Prompt injection
          label_map:
            1: adversarial
            0: benign
        llm:
          model: meta/llama-3.1-8b-instruct
          model_quality: meta/llama-3.1-70b-instruct
          temperature: 0
          max_concurrency: 8
          checkpoint_every: 200
          resume: true
          max_tokens_classifier: 200
          max_tokens_judge: 500
          judge_confidence_threshold: 0.7
          few_shot:
            unicode: 2
            nlp: 5
            include_hard_benign: false
            embedding_model: nvidia/nv-embedqa-e5-v5
            bank_size_per_type: 15
            dynamic_k: 2
    outs:
    - path: data/processed/predictions_external/llm_predictions_external_spml.parquet
      hash: md5
      md5: fca081afe7db0ad18a5ddf11ecd78840
      size: 710460
  synthetic_benign:
    cmd: python -m src.cli.generate_synthetic_benign --category all --skip-judge-validation
    deps:
    - path: src/cli/generate_synthetic_benign.py
      hash: md5
      md5: fab6fad445152d933594fe61fdfdb1f8
      size: 7237
    - path: src/synthetic_benign.py
      hash: md5
      md5: 631ee11d58ccf2fee8070cb30602d54b
      size: 15074
    - path: src/validators.py
      hash: md5
      md5: 64146dc94631b471de4eefcb07924b5f
      size: 8748
    params:
      configs/default.yaml:
        benign.synthetic:
          enabled: true
          generation_model: meta/llama-3.1-8b-instruct
          quotas:
            A: 1000
            B: 1250
            C: 1250
            D: 750
            E: 500
            F: 250
          batch_size: 20
          output_path: data/processed/synthetic_benign.parquet
  llm_classifier_val:
    cmd: python -m src.llm_classifier.llm_classifier --split val --research --no-wandb
    deps:
    - path: data/processed/splits/train.parquet
      hash: md5
      md5: 60a9cc4eb557a1daacba383714007c49
      size: 2041468
    - path: data/processed/splits/val.parquet
      hash: md5
      md5: 8766a116b2ccd43cbafd9c494b60dd52
      size: 367338
    - path: src/embeddings.py
      hash: md5
      md5: a7682af98924d3c3de61919752578035
      size: 11306
    - path: src/llm_classifier/
      hash: md5
      md5: ed3ab36ca0b0a22cf23f137080c8e36d.dir
      size: 157525
      nfiles: 17
    - path: src/utils.py
      hash: md5
      md5: bdae10eefe0ccf3499acc24496e897e6
      size: 1541
    params:
      configs/default.yaml:
        llm:
          model: meta/llama-3.1-8b-instruct
          model_quality: meta/llama-3.1-70b-instruct
          temperature: 0
          max_concurrency: 8
          checkpoint_every: 200
          resume: true
          max_tokens_classifier: 200
          max_tokens_judge: 500
          judge_confidence_threshold: 0.9
          capture_logprobs: true
          top_logprobs: 5
          few_shot:
            unicode: 2
            nlp: 5
            include_hard_benign: false
            embedding_model: nvidia/nv-embedqa-e5-v5
            bank_size_per_type: 15
            dynamic_k: 2
    outs:
    - path: data/processed/predictions/llm_predictions_val.parquet
      hash: md5
      md5: c71de344cb82e392351366375fdc12d7
      size: 12531133
  research_val:
    cmd: python -m src.research --split val
    deps:
    - path: data/processed/predictions/
      hash: md5
      md5: 1daa7aae632e65a29dce6ed048af2a7b.dir
      size: 35895554
      nfiles: 7
    - path: data/processed/splits/val.parquet
      hash: md5
      md5: 8766a116b2ccd43cbafd9c494b60dd52
      size: 367338
    - path: src/evaluate.py
      hash: md5
      md5: b905cf93ebfed6d3833a199a7a37437b
      size: 15498
    - path: src/hybrid_router.py
      hash: md5
      md5: ba2f5e65f7c674aae0b3f1f0db92c0b9
      size: 19303
    - path: src/research.py
      hash: md5
      md5: 369d030705529f3c5eae6d79f46d4090
      size: 36020
    - path: src/utils.py
      hash: md5
      md5: bdae10eefe0ccf3499acc24496e897e6
      size: 1541
    params:
      configs/default.yaml:
        hybrid:
          ml_confidence_threshold: 0.85
          llm_confidence_threshold: 0.9
          margin_policy: baseline
          logprob_margin_threshold: 2.0
          margin_low_threshold: 1.0
          margin_high_threshold: 2.5
          margin_threshold_classifier_only: 2.5
          margin_threshold_judge: 1.5
          production_adversarial_prior: 0.1
    outs:
    - path: data/processed/research/hybrid_margin_trace_val.parquet
      hash: md5
      md5: 04a7f55ae193a9f30723d100932f1604
      size: 206508
    - path: data/processed/research/research_val.parquet
      hash: md5
      md5: a18ff030ffd26605f76abdbce91415ca
      size: 12869950
  risk_model:
    cmd: python -m src.cli.benign_risk_model --train-trace data/processed/research/hybrid_margin_trace_val.parquet
      --trace data/processed/research/hybrid_margin_trace_test.parquet --split test
    deps:
    - path: data/processed/research/hybrid_margin_trace_test.parquet
      hash: md5
      md5: 9edfe45f75e45f77d7c61a3fdb26c47d
      size: 262132
    - path: data/processed/research/hybrid_margin_trace_val.parquet
      hash: md5
      md5: 04a7f55ae193a9f30723d100932f1604
      size: 206508
    - path: src/benign_risk_model.py
      hash: md5
      md5: 74e214b79b6168cebb6de07f07df3620
      size: 18461
    - path: src/cli/benign_risk_model.py
      hash: md5
      md5: 2b76d2378d598c13a6420ca12b82ca20
      size: 7463
    outs:
    - path: data/processed/research/posthoc_benign_risk_predictions.parquet
      hash: md5
      md5: 95e41a66db742e79097deb896d529547
      size: 87475
    - path: data/processed/research/posthoc_benign_risk_summary.csv
      hash: md5
      md5: cd8a7af9e3ab93fcb9885a0f62949340
      size: 246
    - path: reports/artifacts/benign_risk_calibration.png
      hash: md5
      md5: 8f234b07ad6990aaaba2aea64f08f90d
      size: 64349
    - path: reports/artifacts/benign_risk_pr.png
      hash: md5
      md5: a40be7df4767b828b6c19d328db56cf6
      size: 68648
    - path: reports/artifacts/benign_risk_roc.png
      hash: md5
      md5: 3c857ad8ee7277a98e7c301231b30072
      size: 48926
    - path: reports/posthoc_benign_risk_model.md
      hash: md5
      md5: 443f341df6b7e41eb21bccd80bbd3dc5
      size: 3690
