schema: '2.0'
stages:
  preprocess:
    cmd: python -m src.preprocess
    deps:
    - path: src/preprocess.py
      hash: md5
      md5: 1bed13f1b49dfc615f895ff3e4004d48
      size: 5168
    - path: src/utils.py
      hash: md5
      md5: 82d7f957e271659a3b44e73381848f19
      size: 1316
    params:
      configs/default.yaml:
        benign:
          use_originals: true
          target_count: 2000
          paraphrase_model: meta/llama-3.1-8b-instruct
          paraphrases_per_prompt: 2
        dataset:
          name: Mindgard/evaded-prompt-injection-and-jailbreak-samples
          split: train
          text_col: modified_sample
          original_text_col: original_sample
          label_col: attack_name
        labels:
          unicode_attacks:
          - Diacritcs
          - Underline Accent Marks
          - Upside Down Text
          - Bidirectional Text
          - Full Width Text
          - Emoji Smuggling
          - Spaces
          - Homoglyphs
          - Deletion Characters
          - Unicode Tags Smuggling
          - Zero Width
          - Numbers
          nlp_attacks:
          - BAE
          - Bert-Attack
          - Deep Word Bug
          - Alzantot
          - Pruthi
          - PWWS
          - TextBugger
          - TextFooler
          held_out_attacks:
          - Emoji Smuggling
          - Pruthi
    outs:
    - path: data/processed/full_dataset.parquet
      hash: md5
      md5: fac8569deb8765d8dd2b366edf747d2e
      size: 3223648
  build_splits:
    cmd: python -m src.build_splits
    deps:
    - path: data/processed/full_dataset.parquet
      hash: md5
      md5: fac8569deb8765d8dd2b366edf747d2e
      size: 3223648
    - path: src/build_splits.py
      hash: md5
      md5: b73963e040ab28472232da020fa80735
      size: 3041
    - path: src/utils.py
      hash: md5
      md5: 82d7f957e271659a3b44e73381848f19
      size: 1316
    params:
      configs/default.yaml:
        labels.held_out_attacks:
        - Emoji Smuggling
        - Pruthi
        splits:
          train: 0.7
          val: 0.15
          test: 0.15
          random_seed: 42
    outs:
    - path: data/processed/splits/test.parquet
      hash: md5
      md5: 2cf5701c17b93d03abbc7197b246f66c
      size: 422839
    - path: data/processed/splits/test_unseen.parquet
      hash: md5
      md5: 40065fa276afdda14d815daf762ef204
      size: 520616
    - path: data/processed/splits/train.parquet
      hash: md5
      md5: 2ecf6b8c32c982f19f1754db97279bd5
      size: 1845316
    - path: data/processed/splits/val.parquet
      hash: md5
      md5: 433d4810c65e2dea7ed29277cb354bb6
      size: 585455
  ml_model:
    cmd: python -m src.ml_classifier.ml_baseline --research --no-wandb
    deps:
    - path: data/processed/splits/test.parquet
      hash: md5
      md5: 2cf5701c17b93d03abbc7197b246f66c
      size: 422839
    - path: data/processed/splits/test_unseen.parquet
      hash: md5
      md5: 40065fa276afdda14d815daf762ef204
      size: 520616
    - path: data/processed/splits/train.parquet
      hash: md5
      md5: 2ecf6b8c32c982f19f1754db97279bd5
      size: 1845316
    - path: data/processed/splits/val.parquet
      hash: md5
      md5: 433d4810c65e2dea7ed29277cb354bb6
      size: 585455
    - path: src/ml_classifier/
      hash: md5
      md5: 9772c25e41b1bedd8ea01bf17af24a30.dir
      size: 49554
      nfiles: 12
    - path: src/utils.py
      hash: md5
      md5: 82d7f957e271659a3b44e73381848f19
      size: 1316
    params:
      configs/default.yaml:
        ml:
          char_ngram_range:
          - 2
          - 5
          max_features: 50000
          C: 1.0
    outs:
    - path: data/processed/models/ml_baseline.pkl
      hash: md5
      md5: 4df1310dadaa059940a377ba4d33bcbd
      size: 8637209
    - path: data/processed/predictions/ml_predictions_test.parquet
      hash: md5
      md5: 9f1881392c72c9ba316e203f3d9b4481
      size: 790809
    - path: data/processed/predictions/ml_predictions_test_unseen.parquet
      hash: md5
      md5: b4a4efedeca5445ed38eaa8447010f32
      size: 707466
    - path: data/processed/predictions/ml_predictions_val.parquet
      hash: md5
      md5: e12ae76cb7e26855c505cba37a170905
      size: 935976
  llm_classifier:
    cmd: python -m src.llm_classifier.llm_classifier --split test --research --no-wandb
    deps:
    - path: data/processed/splits/test.parquet
      hash: md5
      md5: 2cf5701c17b93d03abbc7197b246f66c
      size: 422839
    - path: data/processed/splits/train.parquet
      hash: md5
      md5: 2ecf6b8c32c982f19f1754db97279bd5
      size: 1845316
    - path: src/embeddings.py
      hash: md5
      md5: 220e51bf413a21137e9c5243e1b5ff43
      size: 8944
    - path: src/llm_classifier/
      hash: md5
      md5: 0ad1566942af92874c8627214aab0290.dir
      size: 107048
      nfiles: 17
    - path: src/utils.py
      hash: md5
      md5: 82d7f957e271659a3b44e73381848f19
      size: 1316
    params:
      configs/default.yaml:
        llm:
          model: meta/llama-3.1-8b-instruct
          model_quality: meta/llama-3.1-70b-instruct
          temperature: 0
          max_tokens_classifier: 200
          max_tokens_judge: 500
          judge_confidence_threshold: 0.7
          few_shot:
            unicode: 2
            nlp: 5
            embedding_model: nvidia/nv-embedqa-e5-v5
            bank_size_per_type: 15
            dynamic_k: 2
    outs:
    - path: data/processed/predictions/llm_predictions_test.parquet
      hash: md5
      md5: 77f15828f5fc5555daf8163ba48562ea
      size: 75813
  research:
    cmd: python -m src.research --split test
    deps:
    - path: data/processed/predictions/
      hash: md5
      md5: 5ae7831239e8858894a3e8e803624ea9.dir
      size: 6135376
      nfiles: 6
    - path: data/processed/splits/test.parquet
      hash: md5
      md5: 2cf5701c17b93d03abbc7197b246f66c
      size: 422839
    - path: src/evaluate.py
      hash: md5
      md5: 231e2a0e8941712ef273f2f582f225c0
      size: 10482
    - path: src/research.py
      hash: md5
      md5: c73efd5ec275a06b1f6daa493203cbf3
      size: 10653
    - path: src/utils.py
      hash: md5
      md5: 82d7f957e271659a3b44e73381848f19
      size: 1316
    params:
      configs/default.yaml:
        hybrid.ml_confidence_threshold: 0.85
    outs:
    - path: data/processed/research/research_test.parquet
      hash: md5
      md5: a5aa8eb6f5ccf21feedd8d31931b66ec
      size: 804390
    - path: reports/research/eval_report_hybrid.md
      hash: md5
      md5: 4838119f921081f1c55f6fa64c3a4808
      size: 1679
    - path: reports/research/eval_report_ml.md
      hash: md5
      md5: 09f20954ddaed6f5545d84ceca12622d
      size: 1625
  research_external@deepset:
    cmd: python -m src.cli.research_external --dataset deepset
    deps:
    - path: data/processed/models/ml_baseline.pkl
      hash: md5
      md5: 4df1310dadaa059940a377ba4d33bcbd
      size: 8637209
    - path: data/processed/splits/train.parquet
      hash: md5
      md5: 2ecf6b8c32c982f19f1754db97279bd5
      size: 1845316
    - path: src/cli/research_external.py
      hash: md5
      md5: 00677d60d0c7539787889762c669ffeb
      size: 15191
    - path: src/embeddings.py
      hash: md5
      md5: 220e51bf413a21137e9c5243e1b5ff43
      size: 8944
    - path: src/eval_external.py
      hash: md5
      md5: 0e306a2199f8e819a6453c1adc54cd93
      size: 10565
    - path: src/llm_classifier/
      hash: md5
      md5: 0ad1566942af92874c8627214aab0290.dir
      size: 107048
      nfiles: 17
    - path: src/ml_classifier/
      hash: md5
      md5: 9772c25e41b1bedd8ea01bf17af24a30.dir
      size: 49554
      nfiles: 12
    - path: src/utils.py
      hash: md5
      md5: 82d7f957e271659a3b44e73381848f19
      size: 1316
    params:
      configs/default.yaml:
        external_datasets.deepset:
          name: deepset/prompt-injections
          split: test
          text_col: text
          label_col: label
          label_map:
            1: adversarial
            0: benign
        hybrid.ml_confidence_threshold: 0.85
    outs:
    - path: data/processed/research_external/research_external_deepset.parquet
      hash: md5
      md5: 9f3e8c95e791097fde12c26e1ab103c5
      size: 57564
    - path: reports/research_external/research_external_deepset.md
      hash: md5
      md5: 96c0411f5a7519f2528811c640376e3e
      size: 2323
  research_external@jackhhao:
    cmd: python -m src.cli.research_external --dataset jackhhao
    deps:
    - path: data/processed/models/ml_baseline.pkl
      hash: md5
      md5: 4df1310dadaa059940a377ba4d33bcbd
      size: 8637209
    - path: data/processed/splits/train.parquet
      hash: md5
      md5: 2ecf6b8c32c982f19f1754db97279bd5
      size: 1845316
    - path: src/cli/research_external.py
      hash: md5
      md5: 00677d60d0c7539787889762c669ffeb
      size: 15191
    - path: src/embeddings.py
      hash: md5
      md5: 220e51bf413a21137e9c5243e1b5ff43
      size: 8944
    - path: src/eval_external.py
      hash: md5
      md5: 0e306a2199f8e819a6453c1adc54cd93
      size: 10565
    - path: src/llm_classifier/
      hash: md5
      md5: 0ad1566942af92874c8627214aab0290.dir
      size: 107048
      nfiles: 17
    - path: src/ml_classifier/
      hash: md5
      md5: 9772c25e41b1bedd8ea01bf17af24a30.dir
      size: 49554
      nfiles: 12
    - path: src/utils.py
      hash: md5
      md5: 82d7f957e271659a3b44e73381848f19
      size: 1316
    params:
      configs/default.yaml:
        external_datasets.jackhhao:
          name: jackhhao/jailbreak-classification
          split: test
          text_col: prompt
          label_col: type
          label_map:
            jailbreak: adversarial
            benign: benign
        hybrid.ml_confidence_threshold: 0.85
    outs:
    - path: data/processed/research_external/research_external_jackhhao.parquet
      hash: md5
      md5: f4c1d84b7ee97ea8bb4d90ef9f0fc56d
      size: 280042
    - path: reports/research_external/research_external_jackhhao.md
      hash: md5
      md5: 2c2d155b31b645bf2a16532cc0b4c67f
      size: 4054
  research_external@safeguard:
    cmd: python -m src.cli.research_external --dataset safeguard
    deps:
    - path: data/processed/models/ml_baseline.pkl
      hash: md5
      md5: 4df1310dadaa059940a377ba4d33bcbd
      size: 8637209
    - path: data/processed/splits/train.parquet
      hash: md5
      md5: 2ecf6b8c32c982f19f1754db97279bd5
      size: 1845316
    - path: src/cli/research_external.py
      hash: md5
      md5: 00677d60d0c7539787889762c669ffeb
      size: 15191
    - path: src/embeddings.py
      hash: md5
      md5: 220e51bf413a21137e9c5243e1b5ff43
      size: 8944
    - path: src/eval_external.py
      hash: md5
      md5: 0e306a2199f8e819a6453c1adc54cd93
      size: 10565
    - path: src/llm_classifier/
      hash: md5
      md5: 0ad1566942af92874c8627214aab0290.dir
      size: 107048
      nfiles: 17
    - path: src/ml_classifier/
      hash: md5
      md5: 9772c25e41b1bedd8ea01bf17af24a30.dir
      size: 49554
      nfiles: 12
    - path: src/utils.py
      hash: md5
      md5: 82d7f957e271659a3b44e73381848f19
      size: 1316
    params:
      configs/default.yaml:
        external_datasets.safeguard:
          name: xTRam1/safe-guard-prompt-injection
          split: test
          text_col: text
          label_col: label
          label_map:
            1: adversarial
            0: benign
        hybrid.ml_confidence_threshold: 0.85
    outs:
    - path: data/processed/research_external/research_external_safeguard.parquet
      hash: md5
      md5: 76bfd1bab8f5c9220992409f72b8fb74
      size: 951231
    - path: reports/research_external/research_external_safeguard.md
      hash: md5
      md5: 10735a7478c558d499b3ff8ac880377a
      size: 4235
  research_external@spml:
    cmd: python -m src.cli.research_external --dataset spml
    deps:
    - path: data/processed/models/ml_baseline.pkl
      hash: md5
      md5: 4df1310dadaa059940a377ba4d33bcbd
      size: 8637209
    - path: data/processed/splits/train.parquet
      hash: md5
      md5: 2ecf6b8c32c982f19f1754db97279bd5
      size: 1845316
    - path: src/cli/research_external.py
      hash: md5
      md5: 00677d60d0c7539787889762c669ffeb
      size: 15191
    - path: src/embeddings.py
      hash: md5
      md5: 220e51bf413a21137e9c5243e1b5ff43
      size: 8944
    - path: src/eval_external.py
      hash: md5
      md5: 0e306a2199f8e819a6453c1adc54cd93
      size: 10565
    - path: src/llm_classifier/
      hash: md5
      md5: 0ad1566942af92874c8627214aab0290.dir
      size: 107048
      nfiles: 17
    - path: src/ml_classifier/
      hash: md5
      md5: 9772c25e41b1bedd8ea01bf17af24a30.dir
      size: 49554
      nfiles: 12
    - path: src/utils.py
      hash: md5
      md5: 82d7f957e271659a3b44e73381848f19
      size: 1316
    params:
      configs/default.yaml:
        external_datasets.spml:
          name: reshabhs/SPML_Chatbot_Prompt_Injection
          split: train
          text_col: User Prompt
          label_col: Prompt injection
          label_map:
            1: adversarial
            0: benign
        hybrid.ml_confidence_threshold: 0.85
    outs:
    - path: data/processed/research_external/research_external_spml.parquet
      hash: md5
      md5: 6cbd7e70bb1dd2f6b15ee2cab45df282
      size: 8914693
    - path: reports/research_external/research_external_spml.md
      hash: md5
      md5: 30e696ead988fe045e9e27a679ce5872
      size: 4304
